
Microsoft Visual Studio Solution File, Format Version 12.00
# Visual Studio Version 17
VisualStudioVersion = 17.8.34322.80
MinimumVisualStudioVersion = 10.0.40219.1
Project("{FAE04EC0-301F-11D3-BF4B-00C04F79EFBC}") = "IHM", "IHM\IHM.csproj", "{D606F301-EDF6-4D60-9393-DBD741D17949}"
EndProject
Project("{FAE04EC0-301F-11D3-BF4B-00C04F79EFBC}") = "RendezvousService", "RendezvousService\RendezvousService.csproj", "{EDC68095-9245-4798-B30E-5EFE3074F19D}"
EndProject
Project("{FAE04EC0-301F-11D3-BF4B-00C04F79EFBC}") = "AgendaService", "AgendaService\AgendaService.csproj", "{8230F550-7221-451C-873B-5148FDC5B5CC}"
EndProject
Global
	GlobalSection(SolutionConfigurationPlatforms) = preSolution
		Debug|Any CPU = Debug|Any CPU
		Release|Any CPU = Release|Any CPU
	EndGlobalSection
	GlobalSection(ProjectConfigurationPlatforms) = postSolution
		{D606F301-EDF6-4D60-9393-DBD741D17949}.Debug|Any CPU.ActiveCfg = Debug|Any CPU
		{D606F301-EDF6-4D60-9393-DBD741D17949}.Debug|Any CPU.Build.0 = Debug|Any CPU
		{D606F301-EDF6-4D60-9393-DBD741D17949}.Release|Any CPU.ActiveCfg = Release|Any CPU
		{D606F301-EDF6-4D60-9393-DBD741D17949}.Release|Any CPU.Build.0 = Release|Any CPU
		{EDC68095-9245-4798-B30E-5EFE3074F19D}.Debug|Any CPU.ActiveCfg = Debug|Any CPU
		{EDC68095-9245-4798-B30E-5EFE3074F19D}.Debug|Any CPU.Build.0 = Debug|Any CPU
		{EDC68095-9245-4798-B30E-5EFE3074F19D}.Release|Any CPU.ActiveCfg = Release|Any CPU
		{EDC68095-9245-4798-B30E-5EFE3074F19D}.Release|Any CPU.Build.0 = Release|Any CPU
		{8230F550-7221-451C-873B-5148FDC5B5CC}.Debug|Any CPU.ActiveCfg = Debug|Any CPU
		{8230F550-7221-451C-873B-5148FDC5B5CC}.Debug|Any CPU.Build.0 = Debug|Any CPU
		{8230F550-7221-451C-873B-5148FDC5B5CC}.Release|Any CPU.ActiveCfg = Release|Any CPU
		{8230F550-7221-451C-873B-5148FDC5B5CC}.Release|Any CPU.Build.0 = Release|Any CPU
	EndGlobalSection
	GlobalSection(SolutionProperties) = preSolution
		HideSolutionNode = FALSE
	EndGlobalSection
	GlobalSection(ExtensibilityGlobals) = postSolution
		SolutionGuid = {DE90B93D-DAD2-4F51-A4D1-EC248D400786}
	EndGlobalSection
EndGlobal
